
Microsoft Visual Studio Solution File, Format Version 12.00
# Visual Studio 15
Project("{FAE04EC0-301F-11D3-BF4B-00C04F79EFBC}") = "GameOfLifeConsole", "GameOfLifeConsole\GameOfLifeConsole.csproj", "{0604EC3D-3B94-44FB-A343-F83623AE9CBD}"
EndProject
Global
	GlobalSection(SolutionConfigurationPlatforms) = preSolution
		Debug|Any CPU = Debug|Any CPU
		Release|Any CPU = Release|Any CPU
	EndGlobalSection
	GlobalSection(ProjectConfigurationPlatforms) = postSolution
		{0604EC3D-3B94-44FB-A343-F83623AE9CBD}.Debug|Any CPU.ActiveCfg = Debug|Any CPU
		{0604EC3D-3B94-44FB-A343-F83623AE9CBD}.Debug|Any CPU.Build.0 = Debug|Any CPU
		{0604EC3D-3B94-44FB-A343-F83623AE9CBD}.Release|Any CPU.ActiveCfg = Release|Any CPU
		{0604EC3D-3B94-44FB-A343-F83623AE9CBD}.Release|Any CPU.Build.0 = Release|Any CPU
	EndGlobalSection
EndGlobal
